
Microsoft Visual Studio Solution File, Format Version 12.00
# Visual Studio Version 17
VisualStudioVersion = 17.4.33205.214
MinimumVisualStudioVersion = 10.0.40219.1
Project("{FAE04EC0-301F-11D3-BF4B-00C04F79EFBC}") = "BaiTapBuoi2", "BaiTapBuoi2\BaiTapBuoi2.csproj", "{B6299F78-20FF-45A3-B5AD-4C6658844530}"
EndProject
Global
	GlobalSection(SolutionConfigurationPlatforms) = preSolution
		Debug|Any CPU = Debug|Any CPU
		Release|Any CPU = Release|Any CPU
	EndGlobalSection
	GlobalSection(ProjectConfigurationPlatforms) = postSolution
		{B6299F78-20FF-45A3-B5AD-4C6658844530}.Debug|Any CPU.ActiveCfg = Debug|Any CPU
		{B6299F78-20FF-45A3-B5AD-4C6658844530}.Debug|Any CPU.Build.0 = Debug|Any CPU
		{B6299F78-20FF-45A3-B5AD-4C6658844530}.Release|Any CPU.ActiveCfg = Release|Any CPU
		{B6299F78-20FF-45A3-B5AD-4C6658844530}.Release|Any CPU.Build.0 = Release|Any CPU
	EndGlobalSection
	GlobalSection(SolutionProperties) = preSolution
		HideSolutionNode = FALSE
	EndGlobalSection
	GlobalSection(ExtensibilityGlobals) = postSolution
		SolutionGuid = {EAADCF68-E0E1-450E-A576-D4F380CC3335}
	EndGlobalSection
EndGlobal
